hash: 4e52ba006f324bae4f861d87f1192052f6f6cf8e89c70ac6458add23c62d9399
updated: 2016-02-29T19:02:23.120756412-08:00
imports:
- name: github.com/alecthomas/template
  version:
  subpackages:
  - parse
- name: github.com/alecthomas/units
  version:
- name: github.com/cyberdelia/go-metrics-graphite
  version:
- name: github.com/kavu/go_reuseport
  version:
- name: github.com/rcrowley/go-metrics
  version:
- name: github.com/square/go-sq-metrics
  version:
- name: github.com/stretchr/testify
  version:
  subpackages:
  - assert
- name: golang.org/x/crypto
  version:
  subpackages:
  - pkcs12
  - pkcs12/internal/rc2
- name: gopkg.in/alecthomas/kingpin.v2
  version:
devImports: []
